
Microsoft Visual Studio Solution File, Format Version 12.00
# Visual Studio Version 17
VisualStudioVersion = 17.4.33213.308
MinimumVisualStudioVersion = 10.0.40219.1
Project("{FAE04EC0-301F-11D3-BF4B-00C04F79EFBC}") = "Mc2.CrudTest.Presentation.Server", "Mc2.CrudTest.Presentation\Server\Mc2.CrudTest.Presentation.Server.csproj", "{D2AD2F7D-C1E0-4C84-A2A4-6900CED15599}"
EndProject
Project("{FAE04EC0-301F-11D3-BF4B-00C04F79EFBC}") = "Mc2.CrudTest.Presentation.Client", "Mc2.CrudTest.Presentation\Client\Mc2.CrudTest.Presentation.Client.csproj", "{817C1B83-0CAC-4345-A0BE-5CCF30B15C26}"
EndProject
Project("{FAE04EC0-301F-11D3-BF4B-00C04F79EFBC}") = "Mc2.CrudTest.AcceptanceTests", "Mc2.CrudTest.AcceptanceTests\Mc2.CrudTest.AcceptanceTests.csproj", "{6776DF76-1054-486C-A79A-57100C47032F}"
EndProject
Project("{FAE04EC0-301F-11D3-BF4B-00C04F79EFBC}") = "Mc2.CrudTest.Domain", "Mc2.CrudTest.Domain\Mc2.CrudTest.Domain.csproj", "{9684D21F-C0EE-4BFD-8DFC-EFCCE909CA4D}"
EndProject
Project("{FAE04EC0-301F-11D3-BF4B-00C04F79EFBC}") = "Mc2.CrudTest.Application", "Mc2.CrudTest.Application\Mc2.CrudTest.Application.csproj", "{0E02A9E6-8EEF-4E5F-97BF-663EB86E3364}"
EndProject
Project("{FAE04EC0-301F-11D3-BF4B-00C04F79EFBC}") = "Mc2.CrudTest.Infrastructure", "Mc2.CrudTest.Infrastructure\Mc2.CrudTest.Infrastructure.csproj", "{5ADF613C-E015-40C5-8D85-EA9D43091BC4}"
EndProject
Project("{FAE04EC0-301F-11D3-BF4B-00C04F79EFBC}") = "Mc2.CrudTest.UnitTests", "Mc2.CrudTest.UnitTests\Mc2.CrudTest.UnitTests.csproj", "{D8B6B2E2-66D1-48EF-A847-2C1A0B6D2EF6}"
EndProject
Project("{FAE04EC0-301F-11D3-BF4B-00C04F79EFBC}") = "Mc2.CrudTest.Contracts", "Mc2.CrudTest.Contracts\Mc2.CrudTest.Contracts.csproj", "{7685CA2A-84B0-486C-B683-775DE568B433}"
EndProject
Global
	GlobalSection(SolutionConfigurationPlatforms) = preSolution
		Debug|Any CPU = Debug|Any CPU
		Debug|x64 = Debug|x64
		Debug|x86 = Debug|x86
		Release|Any CPU = Release|Any CPU
		Release|x64 = Release|x64
		Release|x86 = Release|x86
	EndGlobalSection
	GlobalSection(ProjectConfigurationPlatforms) = postSolution
		{D2AD2F7D-C1E0-4C84-A2A4-6900CED15599}.Debug|Any CPU.ActiveCfg = Debug|Any CPU
		{D2AD2F7D-C1E0-4C84-A2A4-6900CED15599}.Debug|Any CPU.Build.0 = Debug|Any CPU
		{D2AD2F7D-C1E0-4C84-A2A4-6900CED15599}.Debug|x64.ActiveCfg = Debug|Any CPU
		{D2AD2F7D-C1E0-4C84-A2A4-6900CED15599}.Debug|x64.Build.0 = Debug|Any CPU
		{D2AD2F7D-C1E0-4C84-A2A4-6900CED15599}.Debug|x86.ActiveCfg = Debug|Any CPU
		{D2AD2F7D-C1E0-4C84-A2A4-6900CED15599}.Debug|x86.Build.0 = Debug|Any CPU
		{D2AD2F7D-C1E0-4C84-A2A4-6900CED15599}.Release|Any CPU.ActiveCfg = Release|Any CPU
		{D2AD2F7D-C1E0-4C84-A2A4-6900CED15599}.Release|Any CPU.Build.0 = Release|Any CPU
		{D2AD2F7D-C1E0-4C84-A2A4-6900CED15599}.Release|x64.ActiveCfg = Release|Any CPU
		{D2AD2F7D-C1E0-4C84-A2A4-6900CED15599}.Release|x64.Build.0 = Release|Any CPU
		{D2AD2F7D-C1E0-4C84-A2A4-6900CED15599}.Release|x86.ActiveCfg = Release|Any CPU
		{D2AD2F7D-C1E0-4C84-A2A4-6900CED15599}.Release|x86.Build.0 = Release|Any CPU
		{817C1B83-0CAC-4345-A0BE-5CCF30B15C26}.Debug|Any CPU.ActiveCfg = Debug|Any CPU
		{817C1B83-0CAC-4345-A0BE-5CCF30B15C26}.Debug|Any CPU.Build.0 = Debug|Any CPU
		{817C1B83-0CAC-4345-A0BE-5CCF30B15C26}.Debug|x64.ActiveCfg = Debug|Any CPU
		{817C1B83-0CAC-4345-A0BE-5CCF30B15C26}.Debug|x64.Build.0 = Debug|Any CPU
		{817C1B83-0CAC-4345-A0BE-5CCF30B15C26}.Debug|x86.ActiveCfg = Debug|Any CPU
		{817C1B83-0CAC-4345-A0BE-5CCF30B15C26}.Debug|x86.Build.0 = Debug|Any CPU
		{817C1B83-0CAC-4345-A0BE-5CCF30B15C26}.Release|Any CPU.ActiveCfg = Release|Any CPU
		{817C1B83-0CAC-4345-A0BE-5CCF30B15C26}.Release|Any CPU.Build.0 = Release|Any CPU
		{817C1B83-0CAC-4345-A0BE-5CCF30B15C26}.Release|x64.ActiveCfg = Release|Any CPU
		{817C1B83-0CAC-4345-A0BE-5CCF30B15C26}.Release|x64.Build.0 = Release|Any CPU
		{817C1B83-0CAC-4345-A0BE-5CCF30B15C26}.Release|x86.ActiveCfg = Release|Any CPU
		{817C1B83-0CAC-4345-A0BE-5CCF30B15C26}.Release|x86.Build.0 = Release|Any CPU
		{6776DF76-1054-486C-A79A-57100C47032F}.Debug|Any CPU.ActiveCfg = Debug|Any CPU
		{6776DF76-1054-486C-A79A-57100C47032F}.Debug|Any CPU.Build.0 = Debug|Any CPU
		{6776DF76-1054-486C-A79A-57100C47032F}.Debug|x64.ActiveCfg = Debug|Any CPU
		{6776DF76-1054-486C-A79A-57100C47032F}.Debug|x64.Build.0 = Debug|Any CPU
		{6776DF76-1054-486C-A79A-57100C47032F}.Debug|x86.ActiveCfg = Debug|Any CPU
		{6776DF76-1054-486C-A79A-57100C47032F}.Debug|x86.Build.0 = Debug|Any CPU
		{6776DF76-1054-486C-A79A-57100C47032F}.Release|Any CPU.ActiveCfg = Release|Any CPU
		{6776DF76-1054-486C-A79A-57100C47032F}.Release|Any CPU.Build.0 = Release|Any CPU
		{6776DF76-1054-486C-A79A-57100C47032F}.Release|x64.ActiveCfg = Release|Any CPU
		{6776DF76-1054-486C-A79A-57100C47032F}.Release|x64.Build.0 = Release|Any CPU
		{6776DF76-1054-486C-A79A-57100C47032F}.Release|x86.ActiveCfg = Release|Any CPU
		{6776DF76-1054-486C-A79A-57100C47032F}.Release|x86.Build.0 = Release|Any CPU
		{9684D21F-C0EE-4BFD-8DFC-EFCCE909CA4D}.Debug|Any CPU.ActiveCfg = Debug|Any CPU
		{9684D21F-C0EE-4BFD-8DFC-EFCCE909CA4D}.Debug|Any CPU.Build.0 = Debug|Any CPU
		{9684D21F-C0EE-4BFD-8DFC-EFCCE909CA4D}.Debug|x64.ActiveCfg = Debug|Any CPU
		{9684D21F-C0EE-4BFD-8DFC-EFCCE909CA4D}.Debug|x64.Build.0 = Debug|Any CPU
		{9684D21F-C0EE-4BFD-8DFC-EFCCE909CA4D}.Debug|x86.ActiveCfg = Debug|Any CPU
		{9684D21F-C0EE-4BFD-8DFC-EFCCE909CA4D}.Debug|x86.Build.0 = Debug|Any CPU
		{9684D21F-C0EE-4BFD-8DFC-EFCCE909CA4D}.Release|Any CPU.ActiveCfg = Release|Any CPU
		{9684D21F-C0EE-4BFD-8DFC-EFCCE909CA4D}.Release|Any CPU.Build.0 = Release|Any CPU
		{9684D21F-C0EE-4BFD-8DFC-EFCCE909CA4D}.Release|x64.ActiveCfg = Release|Any CPU
		{9684D21F-C0EE-4BFD-8DFC-EFCCE909CA4D}.Release|x64.Build.0 = Release|Any CPU
		{9684D21F-C0EE-4BFD-8DFC-EFCCE909CA4D}.Release|x86.ActiveCfg = Release|Any CPU
		{9684D21F-C0EE-4BFD-8DFC-EFCCE909CA4D}.Release|x86.Build.0 = Release|Any CPU
		{0E02A9E6-8EEF-4E5F-97BF-663EB86E3364}.Debug|Any CPU.ActiveCfg = Debug|Any CPU
		{0E02A9E6-8EEF-4E5F-97BF-663EB86E3364}.Debug|Any CPU.Build.0 = Debug|Any CPU
		{0E02A9E6-8EEF-4E5F-97BF-663EB86E3364}.Debug|x64.ActiveCfg = Debug|Any CPU
		{0E02A9E6-8EEF-4E5F-97BF-663EB86E3364}.Debug|x64.Build.0 = Debug|Any CPU
		{0E02A9E6-8EEF-4E5F-97BF-663EB86E3364}.Debug|x86.ActiveCfg = Debug|Any CPU
		{0E02A9E6-8EEF-4E5F-97BF-663EB86E3364}.Debug|x86.Build.0 = Debug|Any CPU
		{0E02A9E6-8EEF-4E5F-97BF-663EB86E3364}.Release|Any CPU.ActiveCfg = Release|Any CPU
		{0E02A9E6-8EEF-4E5F-97BF-663EB86E3364}.Release|Any CPU.Build.0 = Release|Any CPU
		{0E02A9E6-8EEF-4E5F-97BF-663EB86E3364}.Release|x64.ActiveCfg = Release|Any CPU
		{0E02A9E6-8EEF-4E5F-97BF-663EB86E3364}.Release|x64.Build.0 = Release|Any CPU
		{0E02A9E6-8EEF-4E5F-97BF-663EB86E3364}.Release|x86.ActiveCfg = Release|Any CPU
		{0E02A9E6-8EEF-4E5F-97BF-663EB86E3364}.Release|x86.Build.0 = Release|Any CPU
		{5ADF613C-E015-40C5-8D85-EA9D43091BC4}.Debug|Any CPU.ActiveCfg = Debug|Any CPU
		{5ADF613C-E015-40C5-8D85-EA9D43091BC4}.Debug|Any CPU.Build.0 = Debug|Any CPU
		{5ADF613C-E015-40C5-8D85-EA9D43091BC4}.Debug|x64.ActiveCfg = Debug|Any CPU
		{5ADF613C-E015-40C5-8D85-EA9D43091BC4}.Debug|x64.Build.0 = Debug|Any CPU
		{5ADF613C-E015-40C5-8D85-EA9D43091BC4}.Debug|x86.ActiveCfg = Debug|Any CPU
		{5ADF613C-E015-40C5-8D85-EA9D43091BC4}.Debug|x86.Build.0 = Debug|Any CPU
		{5ADF613C-E015-40C5-8D85-EA9D43091BC4}.Release|Any CPU.ActiveCfg = Release|Any CPU
		{5ADF613C-E015-40C5-8D85-EA9D43091BC4}.Release|Any CPU.Build.0 = Release|Any CPU
		{5ADF613C-E015-40C5-8D85-EA9D43091BC4}.Release|x64.ActiveCfg = Release|Any CPU
		{5ADF613C-E015-40C5-8D85-EA9D43091BC4}.Release|x64.Build.0 = Release|Any CPU
		{5ADF613C-E015-40C5-8D85-EA9D43091BC4}.Release|x86.ActiveCfg = Release|Any CPU
		{5ADF613C-E015-40C5-8D85-EA9D43091BC4}.Release|x86.Build.0 = Release|Any CPU
		{D8B6B2E2-66D1-48EF-A847-2C1A0B6D2EF6}.Debug|Any CPU.ActiveCfg = Debug|Any CPU
		{D8B6B2E2-66D1-48EF-A847-2C1A0B6D2EF6}.Debug|Any CPU.Build.0 = Debug|Any CPU
		{D8B6B2E2-66D1-48EF-A847-2C1A0B6D2EF6}.Debug|x64.ActiveCfg = Debug|Any CPU
		{D8B6B2E2-66D1-48EF-A847-2C1A0B6D2EF6}.Debug|x64.Build.0 = Debug|Any CPU
		{D8B6B2E2-66D1-48EF-A847-2C1A0B6D2EF6}.Debug|x86.ActiveCfg = Debug|Any CPU
		{D8B6B2E2-66D1-48EF-A847-2C1A0B6D2EF6}.Debug|x86.Build.0 = Debug|Any CPU
		{D8B6B2E2-66D1-48EF-A847-2C1A0B6D2EF6}.Release|Any CPU.ActiveCfg = Release|Any CPU
		{D8B6B2E2-66D1-48EF-A847-2C1A0B6D2EF6}.Release|Any CPU.Build.0 = Release|Any CPU
		{D8B6B2E2-66D1-48EF-A847-2C1A0B6D2EF6}.Release|x64.ActiveCfg = Release|Any CPU
		{D8B6B2E2-66D1-48EF-A847-2C1A0B6D2EF6}.Release|x64.Build.0 = Release|Any CPU
		{D8B6B2E2-66D1-48EF-A847-2C1A0B6D2EF6}.Release|x86.ActiveCfg = Release|Any CPU
		{D8B6B2E2-66D1-48EF-A847-2C1A0B6D2EF6}.Release|x86.Build.0 = Release|Any CPU
		{7685CA2A-84B0-486C-B683-775DE568B433}.Debug|Any CPU.ActiveCfg = Debug|Any CPU
		{7685CA2A-84B0-486C-B683-775DE568B433}.Debug|Any CPU.Build.0 = Debug|Any CPU
		{7685CA2A-84B0-486C-B683-775DE568B433}.Debug|x64.ActiveCfg = Debug|Any CPU
		{7685CA2A-84B0-486C-B683-775DE568B433}.Debug|x64.Build.0 = Debug|Any CPU
		{7685CA2A-84B0-486C-B683-775DE568B433}.Debug|x86.ActiveCfg = Debug|Any CPU
		{7685CA2A-84B0-486C-B683-775DE568B433}.Debug|x86.Build.0 = Debug|Any CPU
		{7685CA2A-84B0-486C-B683-775DE568B433}.Release|Any CPU.ActiveCfg = Release|Any CPU
		{7685CA2A-84B0-486C-B683-775DE568B433}.Release|Any CPU.Build.0 = Release|Any CPU
		{7685CA2A-84B0-486C-B683-775DE568B433}.Release|x64.ActiveCfg = Release|Any CPU
		{7685CA2A-84B0-486C-B683-775DE568B433}.Release|x64.Build.0 = Release|Any CPU
		{7685CA2A-84B0-486C-B683-775DE568B433}.Release|x86.ActiveCfg = Release|Any CPU
		{7685CA2A-84B0-486C-B683-775DE568B433}.Release|x86.Build.0 = Release|Any CPU
	EndGlobalSection
	GlobalSection(SolutionProperties) = preSolution
		HideSolutionNode = FALSE
	EndGlobalSection
	GlobalSection(ExtensibilityGlobals) = postSolution
		SolutionGuid = {4B5A26C9-68C1-49D9-9F32-AF907A1730C2}
	EndGlobalSection
EndGlobal
